
Microsoft Visual Studio Solution File, Format Version 12.00
# Visual Studio Version 16
VisualStudioVersion = 16.0.31515.178
MinimumVisualStudioVersion = 10.0.40219.1
Project("{FAE04EC0-301F-11D3-BF4B-00C04F79EFBC}") = "OneHealth", "OneHealth\OneHealth.csproj", "{2B147E67-4D45-4D22-9F65-E798A92C1B5E}"
EndProject
Global
	GlobalSection(SolutionConfigurationPlatforms) = preSolution
		Debug|Any CPU = Debug|Any CPU
		Release|Any CPU = Release|Any CPU
	EndGlobalSection
	GlobalSection(ProjectConfigurationPlatforms) = postSolution
		{2B147E67-4D45-4D22-9F65-E798A92C1B5E}.Debug|Any CPU.ActiveCfg = Debug|Any CPU
		{2B147E67-4D45-4D22-9F65-E798A92C1B5E}.Debug|Any CPU.Build.0 = Debug|Any CPU
		{2B147E67-4D45-4D22-9F65-E798A92C1B5E}.Release|Any CPU.ActiveCfg = Release|Any CPU
		{2B147E67-4D45-4D22-9F65-E798A92C1B5E}.Release|Any CPU.Build.0 = Release|Any CPU
	EndGlobalSection
	GlobalSection(SolutionProperties) = preSolution
		HideSolutionNode = FALSE
	EndGlobalSection
	GlobalSection(ExtensibilityGlobals) = postSolution
		SolutionGuid = {6EB9902C-E37C-490B-BC0A-2D9CE55796A2}
	EndGlobalSection
EndGlobal
